
Microsoft Visual Studio Solution File, Format Version 12.00
# Visual Studio Version 16
VisualStudioVersion = 16.0.29209.152
MinimumVisualStudioVersion = 10.0.40219.1
Project("{FAE04EC0-301F-11D3-BF4B-00C04F79EFBC}") = "ContactU", "ContactU\ContactU.csproj", "{28B92011-EBDA-416E-86F3-33729D605A42}"
EndProject
Global
	GlobalSection(SolutionConfigurationPlatforms) = preSolution
		Debug|Any CPU = Debug|Any CPU
		Release|Any CPU = Release|Any CPU
	EndGlobalSection
	GlobalSection(ProjectConfigurationPlatforms) = postSolution
		{28B92011-EBDA-416E-86F3-33729D605A42}.Debug|Any CPU.ActiveCfg = Debug|Any CPU
		{28B92011-EBDA-416E-86F3-33729D605A42}.Debug|Any CPU.Build.0 = Debug|Any CPU
		{28B92011-EBDA-416E-86F3-33729D605A42}.Release|Any CPU.ActiveCfg = Release|Any CPU
		{28B92011-EBDA-416E-86F3-33729D605A42}.Release|Any CPU.Build.0 = Release|Any CPU
	EndGlobalSection
	GlobalSection(SolutionProperties) = preSolution
		HideSolutionNode = FALSE
	EndGlobalSection
	GlobalSection(ExtensibilityGlobals) = postSolution
		SolutionGuid = {F4C27C69-5CC8-40B7-88B7-2BEFD8BCFA6B}
	EndGlobalSection
EndGlobal
